
Microsoft Visual Studio Solution File, Format Version 12.00
# Visual Studio Version 16
VisualStudioVersion = 16.0.30204.135
MinimumVisualStudioVersion = 10.0.40219.1
Project("{FAE04EC0-301F-11D3-BF4B-00C04F79EFBC}") = "ShopNAD", "ShopNAD\ShopNAD.csproj", "{A07D4C8C-81B3-4BA9-8C08-40BF5EB65F6F}"
EndProject
Project("{FAE04EC0-301F-11D3-BF4B-00C04F79EFBC}") = "Model", "Model\Model.csproj", "{DE1465E1-44C4-43AF-A2DD-52DE9A101163}"
EndProject
Project("{FAE04EC0-301F-11D3-BF4B-00C04F79EFBC}") = "Common", "Common\Common.csproj", "{C776FB16-FF67-4A18-9AE6-651F0B1750C7}"
EndProject
Global
	GlobalSection(SolutionConfigurationPlatforms) = preSolution
		Debug|Any CPU = Debug|Any CPU
		Release|Any CPU = Release|Any CPU
	EndGlobalSection
	GlobalSection(ProjectConfigurationPlatforms) = postSolution
		{A07D4C8C-81B3-4BA9-8C08-40BF5EB65F6F}.Debug|Any CPU.ActiveCfg = Debug|Any CPU
		{A07D4C8C-81B3-4BA9-8C08-40BF5EB65F6F}.Debug|Any CPU.Build.0 = Debug|Any CPU
		{A07D4C8C-81B3-4BA9-8C08-40BF5EB65F6F}.Release|Any CPU.ActiveCfg = Release|Any CPU
		{A07D4C8C-81B3-4BA9-8C08-40BF5EB65F6F}.Release|Any CPU.Build.0 = Release|Any CPU
		{DE1465E1-44C4-43AF-A2DD-52DE9A101163}.Debug|Any CPU.ActiveCfg = Debug|Any CPU
		{DE1465E1-44C4-43AF-A2DD-52DE9A101163}.Debug|Any CPU.Build.0 = Debug|Any CPU
		{DE1465E1-44C4-43AF-A2DD-52DE9A101163}.Release|Any CPU.ActiveCfg = Release|Any CPU
		{DE1465E1-44C4-43AF-A2DD-52DE9A101163}.Release|Any CPU.Build.0 = Release|Any CPU
		{C776FB16-FF67-4A18-9AE6-651F0B1750C7}.Debug|Any CPU.ActiveCfg = Debug|Any CPU
		{C776FB16-FF67-4A18-9AE6-651F0B1750C7}.Debug|Any CPU.Build.0 = Debug|Any CPU
		{C776FB16-FF67-4A18-9AE6-651F0B1750C7}.Release|Any CPU.ActiveCfg = Release|Any CPU
		{C776FB16-FF67-4A18-9AE6-651F0B1750C7}.Release|Any CPU.Build.0 = Release|Any CPU
	EndGlobalSection
	GlobalSection(SolutionProperties) = preSolution
		HideSolutionNode = FALSE
	EndGlobalSection
	GlobalSection(ExtensibilityGlobals) = postSolution
		SolutionGuid = {7B6EFD5F-B767-4795-B3B5-40F6CA6C43AA}
	EndGlobalSection
EndGlobal
